{
  "name": "picture-in-picture-chrome-extension",
  "lockfileVersion": 2,
  "requires": true,
  "packages": {
    "": {
      "dependencies": {
        "chrome-types": "^0.1.224"
      }
    },
    "node_modules/chrome-types": {
      "version": "0.1.224",
      "resolved": "https://registry.npmjs.org/chrome-types/-/chrome-types-0.1.224.tgz",
      "integrity": "sha512-98FSnfwGsv8vRpN9RfgG/A4ow8REngTmc9awQzEbiiLigTzGQWNuPRbC5lluwpc2zagkk8Uicu7hVFiCTTsZTQ=="
    }
  },
  "dependencies": {
    "chrome-types": {
      "version": "0.1.224",
      "resolved": "https://registry.npmjs.org/chrome-types/-/chrome-types-0.1.224.tgz",
      "integrity": "sha512-98FSnfwGsv8vRpN9RfgG/A4ow8REngTmc9awQzEbiiLigTzGQWNuPRbC5lluwpc2zagkk8Uicu7hVFiCTTsZTQ=="
    }
  }
}
